
Microsoft Visual Studio Solution File, Format Version 12.00
# Visual Studio Version 17
VisualStudioVersion = 17.4.33205.214
MinimumVisualStudioVersion = 10.0.40219.1
Project("{9A19103F-16F7-4668-BE54-9A1E7A4F7556}") = "HabiticaCalculator", "HabiticaCalculator.csproj", "{1A2A8343-B55A-4470-9C28-A085B90200C7}"
EndProject
Global
	GlobalSection(SolutionConfigurationPlatforms) = preSolution
		Debug|Any CPU = Debug|Any CPU
		Release|Any CPU = Release|Any CPU
	EndGlobalSection
	GlobalSection(ProjectConfigurationPlatforms) = postSolution
		{1A2A8343-B55A-4470-9C28-A085B90200C7}.Debug|Any CPU.ActiveCfg = Debug|Any CPU
		{1A2A8343-B55A-4470-9C28-A085B90200C7}.Debug|Any CPU.Build.0 = Debug|Any CPU
		{1A2A8343-B55A-4470-9C28-A085B90200C7}.Release|Any CPU.ActiveCfg = Release|Any CPU
		{1A2A8343-B55A-4470-9C28-A085B90200C7}.Release|Any CPU.Build.0 = Release|Any CPU
	EndGlobalSection
	GlobalSection(SolutionProperties) = preSolution
		HideSolutionNode = FALSE
	EndGlobalSection
	GlobalSection(ExtensibilityGlobals) = postSolution
		SolutionGuid = {A8046B1B-1525-448E-AD5D-C1F33DE5EE81}
	EndGlobalSection
EndGlobal
